
Microsoft Visual Studio Solution File, Format Version 12.00
# Visual Studio Version 17
VisualStudioVersion = 17.11.35222.181
MinimumVisualStudioVersion = 10.0.40219.1
Project("{9A19103F-16F7-4668-BE54-9A1E7A4F7556}") = "Eshop.Api", "Eshop.Api\Eshop.Api.csproj", "{B2848623-43E9-4748-B70A-08465334CCB5}"
EndProject
Project("{9A19103F-16F7-4668-BE54-9A1E7A4F7556}") = "Eshop.Models", "Eshop.Models\Eshop.Models.csproj", "{FA3E24B1-AF61-45A2-A778-EE6C436E73BB}"
EndProject
Project("{9A19103F-16F7-4668-BE54-9A1E7A4F7556}") = "Eshop.OrderProcessor", "Eshop.OrderProcessor\Eshop.OrderProcessor.csproj", "{20600DB6-8EEA-4E55-80F6-FD3F261DF45D}"
EndProject
Project("{9A19103F-16F7-4668-BE54-9A1E7A4F7556}") = "Eshop.Utility", "Eshop.Utility\Eshop.Utility.csproj", "{42AA3CDC-34CF-4B98-B575-9A9AD93D7257}"
EndProject
Project("{9A19103F-16F7-4668-BE54-9A1E7A4F7556}") = "Eshop.DataAccess", "Eshop.DataAccess\Eshop.DataAccess.csproj", "{5C611878-F93A-4E5D-A7BD-583F756D887A}"
EndProject
Project("{9A19103F-16F7-4668-BE54-9A1E7A4F7556}") = "Eshop.Admin.Api", "Eshop.Admin.Api\Eshop.Admin.Api.csproj", "{A5E952F7-DC0F-456F-9A54-3EB1B37DADAB}"
EndProject
Project("{2150E333-8FDC-42A3-9474-1A3956D46DE8}") = "Invoices", "Invoices", "{08E2C625-9D15-4F41-8612-9AE1B9BBEACD}"
EndProject
Project("{9A19103F-16F7-4668-BE54-9A1E7A4F7556}") = "Invoices.Service", "Invoices.Service\Invoices.Service.csproj", "{0CF919B3-8C20-44FE-8A02-53DDA0EB36A3}"
EndProject
Project("{9A19103F-16F7-4668-BE54-9A1E7A4F7556}") = "Invoices.Models", "Invoices.Models\Invoices.Models.csproj", "{EC00FC10-CC80-41C7-90AE-340843506A09}"
EndProject
Project("{2150E333-8FDC-42A3-9474-1A3956D46DE8}") = "Authentication", "Authentication", "{3CF78200-C07C-452F-A7D2-DBB35D0739C8}"
EndProject
Project("{9A19103F-16F7-4668-BE54-9A1E7A4F7556}") = "Authentication.Api", "Authentication.Api\Authentication.Api.csproj", "{50B39959-B0B2-4FBF-9C49-7AE10DD4D7E2}"
EndProject
Project("{9A19103F-16F7-4668-BE54-9A1E7A4F7556}") = "Authentication.Models", "Authentication.Models\Authentication.Models.csproj", "{132DA95C-93BE-4D91-9610-0F357FC109E6}"
EndProject
Project("{2150E333-8FDC-42A3-9474-1A3956D46DE8}") = "FileStore", "FileStore", "{D63225BA-6A62-490A-B1AE-58EFBDF2D690}"
EndProject
Project("{9A19103F-16F7-4668-BE54-9A1E7A4F7556}") = "Filestore.Api", "Filestore.Api\Filestore.Api.csproj", "{4330AFBA-2EC6-434B-ACCF-04AF6D8F5D31}"
EndProject
Project("{FAE04EC0-301F-11D3-BF4B-00C04F79EFBC}") = "Eshop.Admin.Models", "Eshop.Admin.Models\Eshop.Admin.Models.csproj", "{D49EDF79-7951-40AE-8089-690C44F6D611}"
EndProject
Project("{2150E333-8FDC-42A3-9474-1A3956D46DE8}") = "Tests", "Tests", "{5B4F161E-B958-4A83-8AB9-383ED57C78D8}"
EndProject
Project("{FAE04EC0-301F-11D3-BF4B-00C04F79EFBC}") = "Invoices.Service.UnitTests", "Invoices.Service.UnitTests\Invoices.Service.UnitTests.csproj", "{F6416441-A32C-4D34-9C74-36C03BF26ECE}"
EndProject
Global
	GlobalSection(SolutionConfigurationPlatforms) = preSolution
		Debug|Any CPU = Debug|Any CPU
		Release|Any CPU = Release|Any CPU
	EndGlobalSection
	GlobalSection(ProjectConfigurationPlatforms) = postSolution
		{B2848623-43E9-4748-B70A-08465334CCB5}.Debug|Any CPU.ActiveCfg = Debug|Any CPU
		{B2848623-43E9-4748-B70A-08465334CCB5}.Debug|Any CPU.Build.0 = Debug|Any CPU
		{B2848623-43E9-4748-B70A-08465334CCB5}.Release|Any CPU.ActiveCfg = Release|Any CPU
		{B2848623-43E9-4748-B70A-08465334CCB5}.Release|Any CPU.Build.0 = Release|Any CPU
		{FA3E24B1-AF61-45A2-A778-EE6C436E73BB}.Debug|Any CPU.ActiveCfg = Debug|Any CPU
		{FA3E24B1-AF61-45A2-A778-EE6C436E73BB}.Debug|Any CPU.Build.0 = Debug|Any CPU
		{FA3E24B1-AF61-45A2-A778-EE6C436E73BB}.Release|Any CPU.ActiveCfg = Release|Any CPU
		{FA3E24B1-AF61-45A2-A778-EE6C436E73BB}.Release|Any CPU.Build.0 = Release|Any CPU
		{20600DB6-8EEA-4E55-80F6-FD3F261DF45D}.Debug|Any CPU.ActiveCfg = Debug|Any CPU
		{20600DB6-8EEA-4E55-80F6-FD3F261DF45D}.Debug|Any CPU.Build.0 = Debug|Any CPU
		{20600DB6-8EEA-4E55-80F6-FD3F261DF45D}.Release|Any CPU.ActiveCfg = Release|Any CPU
		{20600DB6-8EEA-4E55-80F6-FD3F261DF45D}.Release|Any CPU.Build.0 = Release|Any CPU
		{42AA3CDC-34CF-4B98-B575-9A9AD93D7257}.Debug|Any CPU.ActiveCfg = Debug|Any CPU
		{42AA3CDC-34CF-4B98-B575-9A9AD93D7257}.Debug|Any CPU.Build.0 = Debug|Any CPU
		{42AA3CDC-34CF-4B98-B575-9A9AD93D7257}.Release|Any CPU.ActiveCfg = Release|Any CPU
		{42AA3CDC-34CF-4B98-B575-9A9AD93D7257}.Release|Any CPU.Build.0 = Release|Any CPU
		{5C611878-F93A-4E5D-A7BD-583F756D887A}.Debug|Any CPU.ActiveCfg = Debug|Any CPU
		{5C611878-F93A-4E5D-A7BD-583F756D887A}.Debug|Any CPU.Build.0 = Debug|Any CPU
		{5C611878-F93A-4E5D-A7BD-583F756D887A}.Release|Any CPU.ActiveCfg = Release|Any CPU
		{5C611878-F93A-4E5D-A7BD-583F756D887A}.Release|Any CPU.Build.0 = Release|Any CPU
		{A5E952F7-DC0F-456F-9A54-3EB1B37DADAB}.Debug|Any CPU.ActiveCfg = Debug|Any CPU
		{A5E952F7-DC0F-456F-9A54-3EB1B37DADAB}.Debug|Any CPU.Build.0 = Debug|Any CPU
		{A5E952F7-DC0F-456F-9A54-3EB1B37DADAB}.Release|Any CPU.ActiveCfg = Release|Any CPU
		{A5E952F7-DC0F-456F-9A54-3EB1B37DADAB}.Release|Any CPU.Build.0 = Release|Any CPU
		{0CF919B3-8C20-44FE-8A02-53DDA0EB36A3}.Debug|Any CPU.ActiveCfg = Debug|Any CPU
		{0CF919B3-8C20-44FE-8A02-53DDA0EB36A3}.Debug|Any CPU.Build.0 = Debug|Any CPU
		{0CF919B3-8C20-44FE-8A02-53DDA0EB36A3}.Release|Any CPU.ActiveCfg = Release|Any CPU
		{0CF919B3-8C20-44FE-8A02-53DDA0EB36A3}.Release|Any CPU.Build.0 = Release|Any CPU
		{EC00FC10-CC80-41C7-90AE-340843506A09}.Debug|Any CPU.ActiveCfg = Debug|Any CPU
		{EC00FC10-CC80-41C7-90AE-340843506A09}.Debug|Any CPU.Build.0 = Debug|Any CPU
		{EC00FC10-CC80-41C7-90AE-340843506A09}.Release|Any CPU.ActiveCfg = Release|Any CPU
		{EC00FC10-CC80-41C7-90AE-340843506A09}.Release|Any CPU.Build.0 = Release|Any CPU
		{50B39959-B0B2-4FBF-9C49-7AE10DD4D7E2}.Debug|Any CPU.ActiveCfg = Debug|Any CPU
		{50B39959-B0B2-4FBF-9C49-7AE10DD4D7E2}.Debug|Any CPU.Build.0 = Debug|Any CPU
		{50B39959-B0B2-4FBF-9C49-7AE10DD4D7E2}.Release|Any CPU.ActiveCfg = Release|Any CPU
		{50B39959-B0B2-4FBF-9C49-7AE10DD4D7E2}.Release|Any CPU.Build.0 = Release|Any CPU
		{132DA95C-93BE-4D91-9610-0F357FC109E6}.Debug|Any CPU.ActiveCfg = Debug|Any CPU
		{132DA95C-93BE-4D91-9610-0F357FC109E6}.Debug|Any CPU.Build.0 = Debug|Any CPU
		{132DA95C-93BE-4D91-9610-0F357FC109E6}.Release|Any CPU.ActiveCfg = Release|Any CPU
		{132DA95C-93BE-4D91-9610-0F357FC109E6}.Release|Any CPU.Build.0 = Release|Any CPU
		{4330AFBA-2EC6-434B-ACCF-04AF6D8F5D31}.Debug|Any CPU.ActiveCfg = Debug|Any CPU
		{4330AFBA-2EC6-434B-ACCF-04AF6D8F5D31}.Debug|Any CPU.Build.0 = Debug|Any CPU
		{4330AFBA-2EC6-434B-ACCF-04AF6D8F5D31}.Release|Any CPU.ActiveCfg = Release|Any CPU
		{4330AFBA-2EC6-434B-ACCF-04AF6D8F5D31}.Release|Any CPU.Build.0 = Release|Any CPU
		{D49EDF79-7951-40AE-8089-690C44F6D611}.Debug|Any CPU.ActiveCfg = Debug|Any CPU
		{D49EDF79-7951-40AE-8089-690C44F6D611}.Debug|Any CPU.Build.0 = Debug|Any CPU
		{D49EDF79-7951-40AE-8089-690C44F6D611}.Release|Any CPU.ActiveCfg = Release|Any CPU
		{D49EDF79-7951-40AE-8089-690C44F6D611}.Release|Any CPU.Build.0 = Release|Any CPU
		{F6416441-A32C-4D34-9C74-36C03BF26ECE}.Debug|Any CPU.ActiveCfg = Debug|Any CPU
		{F6416441-A32C-4D34-9C74-36C03BF26ECE}.Debug|Any CPU.Build.0 = Debug|Any CPU
		{F6416441-A32C-4D34-9C74-36C03BF26ECE}.Release|Any CPU.ActiveCfg = Release|Any CPU
		{F6416441-A32C-4D34-9C74-36C03BF26ECE}.Release|Any CPU.Build.0 = Release|Any CPU
	EndGlobalSection
	GlobalSection(SolutionProperties) = preSolution
		HideSolutionNode = FALSE
	EndGlobalSection
	GlobalSection(NestedProjects) = preSolution
		{0CF919B3-8C20-44FE-8A02-53DDA0EB36A3} = {08E2C625-9D15-4F41-8612-9AE1B9BBEACD}
		{EC00FC10-CC80-41C7-90AE-340843506A09} = {08E2C625-9D15-4F41-8612-9AE1B9BBEACD}
		{50B39959-B0B2-4FBF-9C49-7AE10DD4D7E2} = {3CF78200-C07C-452F-A7D2-DBB35D0739C8}
		{132DA95C-93BE-4D91-9610-0F357FC109E6} = {3CF78200-C07C-452F-A7D2-DBB35D0739C8}
		{4330AFBA-2EC6-434B-ACCF-04AF6D8F5D31} = {D63225BA-6A62-490A-B1AE-58EFBDF2D690}
		{5B4F161E-B958-4A83-8AB9-383ED57C78D8} = {08E2C625-9D15-4F41-8612-9AE1B9BBEACD}
		{F6416441-A32C-4D34-9C74-36C03BF26ECE} = {5B4F161E-B958-4A83-8AB9-383ED57C78D8}
	EndGlobalSection
	GlobalSection(ExtensibilityGlobals) = postSolution
		SolutionGuid = {D368E76E-ADE1-4516-A8C0-57C11E988F21}
	EndGlobalSection
EndGlobal
