
Microsoft Visual Studio Solution File, Format Version 12.00
# Visual Studio Version 17
VisualStudioVersion = 17.11.35222.181
MinimumVisualStudioVersion = 10.0.40219.1
Project("{9A19103F-16F7-4668-BE54-9A1E7A4F7556}") = "Eshop.Api", "Eshop.Api\Eshop.Api.csproj", "{B2848623-43E9-4748-B70A-08465334CCB5}"
EndProject
Project("{9A19103F-16F7-4668-BE54-9A1E7A4F7556}") = "Eshop.Models", "Eshop.Models\Eshop.Models.csproj", "{FA3E24B1-AF61-45A2-A778-EE6C436E73BB}"
EndProject
Project("{9A19103F-16F7-4668-BE54-9A1E7A4F7556}") = "Eshop.OrderProcessor", "Eshop.OrderProcessor\Eshop.OrderProcessor.csproj", "{20600DB6-8EEA-4E55-80F6-FD3F261DF45D}"
EndProject
Project("{9A19103F-16F7-4668-BE54-9A1E7A4F7556}") = "Eshop.Utility", "Eshop.Utility\Eshop.Utility.csproj", "{42AA3CDC-34CF-4B98-B575-9A9AD93D7257}"
EndProject
Project("{FAE04EC0-301F-11D3-BF4B-00C04F79EFBC}") = "Eshop.DataAccess", "Eshop.DataAccess\Eshop.DataAccess.csproj", "{5C611878-F93A-4E5D-A7BD-583F756D887A}"
EndProject
Global
	GlobalSection(SolutionConfigurationPlatforms) = preSolution
		Debug|Any CPU = Debug|Any CPU
		Release|Any CPU = Release|Any CPU
	EndGlobalSection
	GlobalSection(ProjectConfigurationPlatforms) = postSolution
		{B2848623-43E9-4748-B70A-08465334CCB5}.Debug|Any CPU.ActiveCfg = Debug|Any CPU
		{B2848623-43E9-4748-B70A-08465334CCB5}.Debug|Any CPU.Build.0 = Debug|Any CPU
		{B2848623-43E9-4748-B70A-08465334CCB5}.Release|Any CPU.ActiveCfg = Release|Any CPU
		{B2848623-43E9-4748-B70A-08465334CCB5}.Release|Any CPU.Build.0 = Release|Any CPU
		{FA3E24B1-AF61-45A2-A778-EE6C436E73BB}.Debug|Any CPU.ActiveCfg = Debug|Any CPU
		{FA3E24B1-AF61-45A2-A778-EE6C436E73BB}.Debug|Any CPU.Build.0 = Debug|Any CPU
		{FA3E24B1-AF61-45A2-A778-EE6C436E73BB}.Release|Any CPU.ActiveCfg = Release|Any CPU
		{FA3E24B1-AF61-45A2-A778-EE6C436E73BB}.Release|Any CPU.Build.0 = Release|Any CPU
		{20600DB6-8EEA-4E55-80F6-FD3F261DF45D}.Debug|Any CPU.ActiveCfg = Debug|Any CPU
		{20600DB6-8EEA-4E55-80F6-FD3F261DF45D}.Debug|Any CPU.Build.0 = Debug|Any CPU
		{20600DB6-8EEA-4E55-80F6-FD3F261DF45D}.Release|Any CPU.ActiveCfg = Release|Any CPU
		{20600DB6-8EEA-4E55-80F6-FD3F261DF45D}.Release|Any CPU.Build.0 = Release|Any CPU
		{42AA3CDC-34CF-4B98-B575-9A9AD93D7257}.Debug|Any CPU.ActiveCfg = Debug|Any CPU
		{42AA3CDC-34CF-4B98-B575-9A9AD93D7257}.Debug|Any CPU.Build.0 = Debug|Any CPU
		{42AA3CDC-34CF-4B98-B575-9A9AD93D7257}.Release|Any CPU.ActiveCfg = Release|Any CPU
		{42AA3CDC-34CF-4B98-B575-9A9AD93D7257}.Release|Any CPU.Build.0 = Release|Any CPU
		{5C611878-F93A-4E5D-A7BD-583F756D887A}.Debug|Any CPU.ActiveCfg = Debug|Any CPU
		{5C611878-F93A-4E5D-A7BD-583F756D887A}.Debug|Any CPU.Build.0 = Debug|Any CPU
		{5C611878-F93A-4E5D-A7BD-583F756D887A}.Release|Any CPU.ActiveCfg = Release|Any CPU
		{5C611878-F93A-4E5D-A7BD-583F756D887A}.Release|Any CPU.Build.0 = Release|Any CPU
	EndGlobalSection
	GlobalSection(SolutionProperties) = preSolution
		HideSolutionNode = FALSE
	EndGlobalSection
	GlobalSection(ExtensibilityGlobals) = postSolution
		SolutionGuid = {D368E76E-ADE1-4516-A8C0-57C11E988F21}
	EndGlobalSection
EndGlobal
